
Microsoft Visual Studio Solution File, Format Version 12.00
# Visual Studio 15
VisualStudioVersion = 15.0.27130.2010
MinimumVisualStudioVersion = 10.0.40219.1
Project("{FAE04EC0-301F-11D3-BF4B-00C04F79EFBC}") = "CopyArray", "CopyArray\CopyArray.csproj", "{4C5B5F51-40CB-46C4-A420-9791A551488E}"
EndProject
Global
	GlobalSection(SolutionConfigurationPlatforms) = preSolution
		Debug|Any CPU = Debug|Any CPU
		Release|Any CPU = Release|Any CPU
	EndGlobalSection
	GlobalSection(ProjectConfigurationPlatforms) = postSolution
		{4C5B5F51-40CB-46C4-A420-9791A551488E}.Debug|Any CPU.ActiveCfg = Debug|Any CPU
		{4C5B5F51-40CB-46C4-A420-9791A551488E}.Debug|Any CPU.Build.0 = Debug|Any CPU
		{4C5B5F51-40CB-46C4-A420-9791A551488E}.Release|Any CPU.ActiveCfg = Release|Any CPU
		{4C5B5F51-40CB-46C4-A420-9791A551488E}.Release|Any CPU.Build.0 = Release|Any CPU
	EndGlobalSection
	GlobalSection(SolutionProperties) = preSolution
		HideSolutionNode = FALSE
	EndGlobalSection
	GlobalSection(ExtensibilityGlobals) = postSolution
		SolutionGuid = {BAC0E700-3725-409D-ACC8-032CEBC8EEFD}
	EndGlobalSection
EndGlobal
